
Microsoft Visual Studio Solution File, Format Version 11.00
# Visual Studio 2010
Project("{FAE04EC0-301F-11D3-BF4B-00C04F79EFBC}") = "SimpleServer", "SimpleServer\SimpleServer.csproj", "{5A2488DD-7EC7-4F35-BF53-5C4269B10301}"
EndProject
Project("{FAE04EC0-301F-11D3-BF4B-00C04F79EFBC}") = "SimpleClient", "SimpleClient\SimpleClient.csproj", "{3D966326-B20E-447D-8BF9-BE2A49E85F07}"
EndProject
Global
	GlobalSection(SolutionConfigurationPlatforms) = preSolution
		Debug|x86 = Debug|x86
		Release|x86 = Release|x86
	EndGlobalSection
	GlobalSection(ProjectConfigurationPlatforms) = postSolution
		{5A2488DD-7EC7-4F35-BF53-5C4269B10301}.Debug|x86.ActiveCfg = Debug|x86
		{5A2488DD-7EC7-4F35-BF53-5C4269B10301}.Debug|x86.Build.0 = Debug|x86
		{5A2488DD-7EC7-4F35-BF53-5C4269B10301}.Release|x86.ActiveCfg = Release|x86
		{5A2488DD-7EC7-4F35-BF53-5C4269B10301}.Release|x86.Build.0 = Release|x86
		{3D966326-B20E-447D-8BF9-BE2A49E85F07}.Debug|x86.ActiveCfg = Debug|x86
		{3D966326-B20E-447D-8BF9-BE2A49E85F07}.Debug|x86.Build.0 = Debug|x86
		{3D966326-B20E-447D-8BF9-BE2A49E85F07}.Release|x86.ActiveCfg = Release|x86
		{3D966326-B20E-447D-8BF9-BE2A49E85F07}.Release|x86.Build.0 = Release|x86
	EndGlobalSection
	GlobalSection(SolutionProperties) = preSolution
		HideSolutionNode = FALSE
	EndGlobalSection
EndGlobal
